
Microsoft Visual Studio Solution File, Format Version 12.00
# Visual Studio Version 16
VisualStudioVersion = 16.0.33529.622
MinimumVisualStudioVersion = 10.0.40219.1
Project("{FAE04EC0-301F-11D3-BF4B-00C04F79EFBC}") = "my_exam", "my_exam\my_exam.csproj", "{16795EEA-3D52-4EB8-8B57-F92081B981DA}"
EndProject
Global
	GlobalSection(SolutionConfigurationPlatforms) = preSolution
		Debug|Any CPU = Debug|Any CPU
		Release|Any CPU = Release|Any CPU
	EndGlobalSection
	GlobalSection(ProjectConfigurationPlatforms) = postSolution
		{16795EEA-3D52-4EB8-8B57-F92081B981DA}.Debug|Any CPU.ActiveCfg = Debug|Any CPU
		{16795EEA-3D52-4EB8-8B57-F92081B981DA}.Debug|Any CPU.Build.0 = Debug|Any CPU
		{16795EEA-3D52-4EB8-8B57-F92081B981DA}.Release|Any CPU.ActiveCfg = Release|Any CPU
		{16795EEA-3D52-4EB8-8B57-F92081B981DA}.Release|Any CPU.Build.0 = Release|Any CPU
	EndGlobalSection
	GlobalSection(SolutionProperties) = preSolution
		HideSolutionNode = FALSE
	EndGlobalSection
	GlobalSection(ExtensibilityGlobals) = postSolution
		SolutionGuid = {DD7DFA91-A2BB-4287-9C5E-AE98763843D0}
	EndGlobalSection
EndGlobal
